// !$*UTF8*$!
{
	archiveVersion = 1;
	classes = {
	};
	objectVersion = 51;
	objects = {

/* Begin PBXBuildFile section */
		A76564622444419700CAD084 /* AppDelegate.swift in Sources */ = {isa = PBXBuildFile; fileRef = A76564612444419700CAD084 /* AppDelegate.swift */; };
		A76564642444419700CAD084 /* SceneDelegate.swift in Sources */ = {isa = PBXBuildFile; fileRef = A76564632444419700CAD084 /* SceneDelegate.swift */; };
		A76564662444419700CAD084 /* ViewController.swift in Sources */ = {isa = PBXBuildFile; fileRef = A76564652444419700CAD084 /* ViewController.swift */; };
		A76564692444419700CAD084 /* Main.storyboard in Resources */ = {isa = PBXBuildFile; fileRef = A76564672444419700CAD084 /* Main.storyboard */; };
		A765646B2444419900CAD084 /* Assets.xcassets in Resources */ = {isa = PBXBuildFile; fileRef = A765646A2444419900CAD084 /* Assets.xcassets */; };
		A765646E2444419900CAD084 /* LaunchScreen.storyboard in Resources */ = {isa = PBXBuildFile; fileRef = A765646C2444419900CAD084 /* LaunchScreen.storyboard */; };
		ECDEAB104D13560EB88E5E0B /* Pods_Not_Forgot.framework in Frameworks */ = {isa = PBXBuildFile; fileRef = 7E73D260198DF810D4DE48B1 /* Pods_Not_Forgot.framework */; };
/* End PBXBuildFile section */

/* Begin PBXFileReference section */
		3F2F985783AF7B644253A5EB /* Pods-Not Forgot.debug.xcconfig */ = {isa = PBXFileReference; includeInIndex = 1; lastKnownFileType = text.xcconfig; name = "Pods-Not Forgot.debug.xcconfig"; path = "Target Support Files/Pods-Not Forgot/Pods-Not Forgot.debug.xcconfig"; sourceTree = "<group>"; };
		7E73D260198DF810D4DE48B1 /* Pods_Not_Forgot.framework */ = {isa = PBXFileReference; explicitFileType = wrapper.framework; includeInIndex = 0; path = Pods_Not_Forgot.framework; sourceTree = BUILT_PRODUCTS_DIR; };
		8634FB1016816783566A6F69 /* Pods-Not Forgot.release.xcconfig */ = {isa = PBXFileReference; includeInIndex = 1; lastKnownFileType = text.xcconfig; name = "Pods-Not Forgot.release.xcconfig"; path = "Target Support Files/Pods-Not Forgot/Pods-Not Forgot.release.xcconfig"; sourceTree = "<group>"; };
		A765645E2444419700CAD084 /* Not Forgot.app */ = {isa = PBXFileReference; explicitFileType = wrapper.application; includeInIndex = 0; path = "Not Forgot.app"; sourceTree = BUILT_PRODUCTS_DIR; };
		A76564612444419700CAD084 /* AppDelegate.swift */ = {isa = PBXFileReference; lastKnownFileType = sourcecode.swift; path = AppDelegate.swift; sourceTree = "<group>"; };
		A76564632444419700CAD084 /* SceneDelegate.swift */ = {isa = PBXFileReference; lastKnownFileType = sourcecode.swift; path = SceneDelegate.swift; sourceTree = "<group>"; };
		A76564652444419700CAD084 /* ViewController.swift */ = {isa = PBXFileReference; lastKnownFileType = sourcecode.swift; path = ViewController.swift; sourceTree = "<group>"; };
		A76564682444419700CAD084 /* Base */ = {isa = PBXFileReference; lastKnownFileType = file.storyboard; name = Base; path = Base.lproj/Main.storyboard; sourceTree = "<group>"; };
		A765646A2444419900CAD084 /* Assets.xcassets */ = {isa = PBXFileReference; lastKnownFileType = folder.assetcatalog; path = Assets.xcassets; sourceTree = "<group>"; };
		A765646D2444419900CAD084 /* Base */ = {isa = PBXFileReference; lastKnownFileType = file.storyboard; name = Base; path = Base.lproj/LaunchScreen.storyboard; sourceTree = "<group>"; };
		A765646F2444419900CAD084 /* Info.plist */ = {isa = PBXFileReference; lastKnownFileType = text.plist.xml; path = Info.plist; sourceTree = "<group>"; };
/* End PBXFileReference section */

/* Begin PBXFrameworksBuildPhase section */
		A765645B2444419700CAD084 /* Frameworks */ = {
			isa = PBXFrameworksBuildPhase;
			buildActionMask = 2147483647;
			files = (
				ECDEAB104D13560EB88E5E0B /* Pods_Not_Forgot.framework in Frameworks */,
			);
			runOnlyForDeploymentPostprocessing = 0;
		};
/* End PBXFrameworksBuildPhase section */

/* Begin PBXGroup section */
		44546B06635B52EB2A2F486A /* Frameworks */ = {
			isa = PBXGroup;
			children = (
				7E73D260198DF810D4DE48B1 /* Pods_Not_Forgot.framework */,
			);
			name = Frameworks;
			sourceTree = "<group>";
		};
		8B457295BC9DD3BD0D557BD9 /* Pods */ = {
			isa = PBXGroup;
			children = (
				3F2F985783AF7B644253A5EB /* Pods-Not Forgot.debug.xcconfig */,
				8634FB1016816783566A6F69 /* Pods-Not Forgot.release.xcconfig */,
			);
			path = Pods;
			sourceTree = "<group>";
		};
		A76564552444419700CAD084 = {
			isa = PBXGroup;
			children = (
				A76564602444419700CAD084 /* Not Forgot */,
				A765645F2444419700CAD084 /* Products */,
				8B457295BC9DD3BD0D557BD9 /* Pods */,
				44546B06635B52EB2A2F486A /* Frameworks */,
			);
			sourceTree = "<group>";
		};
		A765645F2444419700CAD084 /* Products */ = {
			isa = PBXGroup;
			children = (
				A765645E2444419700CAD084 /* Not Forgot.app */,
			);
			name = Products;
			sourceTree = "<group>";
		};
		A76564602444419700CAD084 /* Not Forgot */ = {
			isa = PBXGroup;
			children = (
				A76564612444419700CAD084 /* AppDelegate.swift */,
				A76564632444419700CAD084 /* SceneDelegate.swift */,
				A76564652444419700CAD084 /* ViewController.swift */,
				A76564672444419700CAD084 /* Main.storyboard */,
				A765646A2444419900CAD084 /* Assets.xcassets */,
				A765646C2444419900CAD084 /* LaunchScreen.storyboard */,
				A765646F2444419900CAD084 /* Info.plist */,
			);
			path = "Not Forgot";
			sourceTree = "<group>";
		};
/* End PBXGroup section */

/* Begin PBXNativeTarget section */
		A765645D2444419700CAD084 /* Not Forgot */ = {
			isa = PBXNativeTarget;
			buildConfigurationList = A76564722444419900CAD084 /* Build configuration list for PBXNativeTarget "Not Forgot" */;
			buildPhases = (
				46C1619D3595A563C5E5CB56 /* [CP] Check Pods Manifest.lock */,
				A765645A2444419700CAD084 /* Sources */,
				A765645B2444419700CAD084 /* Frameworks */,
				A765645C2444419700CAD084 /* Resources */,
				4DBD78C5069B2E5160765F28 /* [CP] Embed Pods Frameworks */,
			);
			buildRules = (
			);
			dependencies = (
			);
			name = "Not Forgot";
			productName = "Not Forgot";
			productReference = A765645E2444419700CAD084 /* Not Forgot.app */;
			productType = "com.apple.product-type.application";
		};
/* End PBXNativeTarget section */

/* Begin PBXProject section */
		A76564562444419700CAD084 /* Project object */ = {
			isa = PBXProject;
			attributes = {
				LastSwiftUpdateCheck = 1140;
				LastUpgradeCheck = 1140;
				ORGANIZATIONNAME = MMW;
				TargetAttributes = {
					A765645D2444419700CAD084 = {
						CreatedOnToolsVersion = 11.4;
					};
				};
			};
			buildConfigurationList = A76564592444419700CAD084 /* Build configuration list for PBXProject "Not Forgot" */;
			compatibilityVersion = "Xcode 9.3";
			developmentRegion = en;
			hasScannedForEncodings = 0;
			knownRegions = (
				en,
				Base,
			);
			mainGroup = A76564552444419700CAD084;
			productRefGroup = A765645F2444419700CAD084 /* Products */;
			projectDirPath = "";
			projectRoot = "";
			targets = (
				A765645D2444419700CAD084 /* Not Forgot */,
			);
		};
/* End PBXProject section */

/* Begin PBXResourcesBuildPhase section */
		A765645C2444419700CAD084 /* Resources */ = {
			isa = PBXResourcesBuildPhase;
			buildActionMask = 2147483647;
			files = (
				A765646E2444419900CAD084 /* LaunchScreen.storyboard in Resources */,
				A765646B2444419900CAD084 /* Assets.xcassets in Resources */,
				A76564692444419700CAD084 /* Main.storyboard in Resources */,
			);
			runOnlyForDeploymentPostprocessing = 0;
		};
/* End PBXResourcesBuildPhase section */

/* Begin PBXShellScriptBuildPhase section */
		46C1619D3595A563C5E5CB56 /* [CP] Check Pods Manifest.lock */ = {
			isa = PBXShellScriptBuildPhase;
			buildActionMask = 2147483647;
			files = (
			);
			inputFileListPaths = (
			);
			inputPaths = (
				"${PODS_PODFILE_DIR_PATH}/Podfile.lock",
				"${PODS_ROOT}/Manifest.lock",
			);
			name = "[CP] Check Pods Manifest.lock";
			outputFileListPaths = (
			);
			outputPaths = (
				"$(DERIVED_FILE_DIR)/Pods-Not Forgot-checkManifestLockResult.txt",
			);
			runOnlyForDeploymentPostprocessing = 0;
			shellPath = /bin/sh;
			shellScript = "diff \"${PODS_PODFILE_DIR_PATH}/Podfile.lock\" \"${PODS_ROOT}/Manifest.lock\" > /dev/null\nif [ $? != 0 ] ; then\n    # print error to STDERR\n    echo \"error: The sandbox is not in sync with the Podfile.lock. Run 'pod install' or update your CocoaPods installation.\" >&2\n    exit 1\nfi\n# This output is used by Xcode 'outputs' to avoid re-running this script phase.\necho \"SUCCESS\" > \"${SCRIPT_OUTPUT_FILE_0}\"\n";
			showEnvVarsInLog = 0;
		};
		4DBD78C5069B2E5160765F28 /* [CP] Embed Pods Frameworks */ = {
			isa = PBXShellScriptBuildPhase;
			buildActionMask = 2147483647;
			files = (
			);
			inputFileListPaths = (
				"${PODS_ROOT}/Target Support Files/Pods-Not Forgot/Pods-Not Forgot-frameworks-${CONFIGURATION}-input-files.xcfilelist",
			);
			name = "[CP] Embed Pods Frameworks";
			outputFileListPaths = (
				"${PODS_ROOT}/Target Support Files/Pods-Not Forgot/Pods-Not Forgot-frameworks-${CONFIGURATION}-output-files.xcfilelist",
			);
			runOnlyForDeploymentPostprocessing = 0;
			shellPath = /bin/sh;
			shellScript = "\"${PODS_ROOT}/Target Support Files/Pods-Not Forgot/Pods-Not Forgot-frameworks.sh\"\n";
			showEnvVarsInLog = 0;
		};
/* End PBXShellScriptBuildPhase section */

/* Begin PBXSourcesBuildPhase section */
		A765645A2444419700CAD084 /* Sources */ = {
			isa = PBXSourcesBuildPhase;
			buildActionMask = 2147483647;
			files = (
				A76564662444419700CAD084 /* ViewController.swift in Sources */,
				A76564622444419700CAD084 /* AppDelegate.swift in Sources */,
				A76564642444419700CAD084 /* SceneDelegate.swift in Sources */,
			);
			runOnlyForDeploymentPostprocessing = 0;
		};
/* End PBXSourcesBuildPhase section */

/* Begin PBXVariantGroup section */
		A76564672444419700CAD084 /* Main.storyboard */ = {
			isa = PBXVariantGroup;
			children = (
				A76564682444419700CAD084 /* Base */,
			);
			name = Main.storyboard;
			sourceTree = "<group>";
		};
		A765646C2444419900CAD084 /* LaunchScreen.storyboard */ = {
			isa = PBXVariantGroup;
			children = (
				A765646D2444419900CAD084 /* Base */,
			);
			name = LaunchScreen.storyboard;
			sourceTree = "<group>";
		};
/* End PBXVariantGroup section */

/* Begin XCBuildConfiguration section */
		A76564702444419900CAD084 /* Debug */ = {
			isa = XCBuildConfiguration;
			buildSettings = {
				ALWAYS_SEARCH_USER_PATHS = NO;
				CLANG_ANALYZER_NONNULL = YES;
				CLANG_ANALYZER_NUMBER_OBJECT_CONVERSION = YES_AGGRESSIVE;
				CLANG_CXX_LANGUAGE_STANDARD = "gnu++14";
				CLANG_CXX_LIBRARY = "libc++";
				CLANG_ENABLE_MODULES = YES;
				CLANG_ENABLE_OBJC_ARC = YES;
				CLANG_ENABLE_OBJC_WEAK = YES;
				CLANG_WARN_BLOCK_CAPTURE_AUTORELEASING = YES;
				CLANG_WARN_BOOL_CONVERSION = YES;
				CLANG_WARN_COMMA = YES;
				CLANG_WARN_CONSTANT_CONVERSION = YES;
				CLANG_WARN_DEPRECATED_OBJC_IMPLEMENTATIONS = YES;
				CLANG_WARN_DIRECT_OBJC_ISA_USAGE = YES_ERROR;
				CLANG_WARN_DOCUMENTATION_COMMENTS = YES;
				CLANG_WARN_EMPTY_BODY = YES;
				CLANG_WARN_ENUM_CONVERSION = YES;
				CLANG_WARN_INFINITE_RECURSION = YES;
				CLANG_WARN_INT_CONVERSION = YES;
				CLANG_WARN_NON_LITERAL_NULL_CONVERSION = YES;
				CLANG_WARN_OBJC_IMPLICIT_RETAIN_SELF = YES;
				CLANG_WARN_OBJC_LITERAL_CONVERSION = YES;
				CLANG_WARN_OBJC_ROOT_CLASS = YES_ERROR;
				CLANG_WARN_RANGE_LOOP_ANALYSIS = YES;
				CLANG_WARN_STRICT_PROTOTYPES = YES;
				CLANG_WARN_SUSPICIOUS_MOVE = YES;
				CLANG_WARN_UNGUARDED_AVAILABILITY = YES_AGGRESSIVE;
				CLANG_WARN_UNREACHABLE_CODE = YES;
				CLANG_WARN__DUPLICATE_METHOD_MATCH = YES;
				COPY_PHASE_STRIP = NO;
				DEBUG_INFORMATION_FORMAT = dwarf;
				ENABLE_STRICT_OBJC_MSGSEND = YES;
				ENABLE_TESTABILITY = YES;
				GCC_C_LANGUAGE_STANDARD = gnu11;
				GCC_DYNAMIC_NO_PIC = NO;
				GCC_NO_COMMON_BLOCKS = YES;
				GCC_OPTIMIZATION_LEVEL = 0;
				GCC_PREPROCESSOR_DEFINITIONS = (
					"DEBUG=1",
					"$(inherited)",
				);
				GCC_WARN_64_TO_32_BIT_CONVERSION = YES;
				GCC_WARN_ABOUT_RETURN_TYPE = YES_ERROR;
				GCC_WARN_UNDECLARED_SELECTOR = YES;
				GCC_WARN_UNINITIALIZED_AUTOS = YES_AGGRESSIVE;
				GCC_WARN_UNUSED_FUNCTION = YES;
				GCC_WARN_UNUSED_VARIABLE = YES;
				IPHONEOS_DEPLOYMENT_TARGET = 13.4;
				MTL_ENABLE_DEBUG_INFO = INCLUDE_SOURCE;
				MTL_FAST_MATH = YES;
				ONLY_ACTIVE_ARCH = YES;
				SDKROOT = iphoneos;
				SWIFT_ACTIVE_COMPILATION_CONDITIONS = DEBUG;
				SWIFT_OPTIMIZATION_LEVEL = "-Onone";
			};
			name = Debug;
		};
		A76564712444419900CAD084 /* Release */ = {
			isa = XCBuildConfiguration;
			buildSettings = {
				ALWAYS_SEARCH_USER_PATHS = NO;
				CLANG_ANALYZER_NONNULL = YES;
				CLANG_ANALYZER_NUMBER_OBJECT_CONVERSION = YES_AGGRESSIVE;
				CLANG_CXX_LANGUAGE_STANDARD = "gnu++14";
				CLANG_CXX_LIBRARY = "libc++";
				CLANG_ENABLE_MODULES = YES;
				CLANG_ENABLE_OBJC_ARC = YES;
				CLANG_ENABLE_OBJC_WEAK = YES;
				CLANG_WARN_BLOCK_CAPTURE_AUTORELEASING = YES;
				CLANG_WARN_BOOL_CONVERSION = YES;
				CLANG_WARN_COMMA = YES;
				CLANG_WARN_CONSTANT_CONVERSION = YES;
				CLANG_WARN_DEPRECATED_OBJC_IMPLEMENTATIONS = YES;
				CLANG_WARN_DIRECT_OBJC_ISA_USAGE = YES_ERROR;
				CLANG_WARN_DOCUMENTATION_COMMENTS = YES;
				CLANG_WARN_EMPTY_BODY = YES;
				CLANG_WARN_ENUM_CONVERSION = YES;
				CLANG_WARN_INFINITE_RECURSION = YES;
				CLANG_WARN_INT_CONVERSION = YES;
				CLANG_WARN_NON_LITERAL_NULL_CONVERSION = YES;
				CLANG_WARN_OBJC_IMPLICIT_RETAIN_SELF = YES;
				CLANG_WARN_OBJC_LITERAL_CONVERSION = YES;
				CLANG_WARN_OBJC_ROOT_CLASS = YES_ERROR;
				CLANG_WARN_RANGE_LOOP_ANALYSIS = YES;
				CLANG_WARN_STRICT_PROTOTYPES = YES;
				CLANG_WARN_SUSPICIOUS_MOVE = YES;
				CLANG_WARN_UNGUARDED_AVAILABILITY = YES_AGGRESSIVE;
				CLANG_WARN_UNREACHABLE_CODE = YES;
				CLANG_WARN__DUPLICATE_METHOD_MATCH = YES;
				COPY_PHASE_STRIP = NO;
				DEBUG_INFORMATION_FORMAT = "dwarf-with-dsym";
				ENABLE_NS_ASSERTIONS = NO;
				ENABLE_STRICT_OBJC_MSGSEND = YES;
				GCC_C_LANGUAGE_STANDARD = gnu11;
				GCC_NO_COMMON_BLOCKS = YES;
				GCC_WARN_64_TO_32_BIT_CONVERSION = YES;
				GCC_WARN_ABOUT_RETURN_TYPE = YES_ERROR;
				GCC_WARN_UNDECLARED_SELECTOR = YES;
				GCC_WARN_UNINITIALIZED_AUTOS = YES_AGGRESSIVE;
				GCC_WARN_UNUSED_FUNCTION = YES;
				GCC_WARN_UNUSED_VARIABLE = YES;
				IPHONEOS_DEPLOYMENT_TARGET = 13.4;
				MTL_ENABLE_DEBUG_INFO = NO;
				MTL_FAST_MATH = YES;
				SDKROOT = iphoneos;
				SWIFT_COMPILATION_MODE = wholemodule;
				SWIFT_OPTIMIZATION_LEVEL = "-O";
				VALIDATE_PRODUCT = YES;
			};
			name = Release;
		};
		A76564732444419900CAD084 /* Debug */ = {
			isa = XCBuildConfiguration;
			baseConfigurationReference = 3F2F985783AF7B644253A5EB /* Pods-Not Forgot.debug.xcconfig */;
			buildSettings = {
				ASSETCATALOG_COMPILER_APPICON_NAME = AppIcon;
				CODE_SIGN_STYLE = Automatic;
				DEVELOPMENT_TEAM = HPM5F4QHM6;
				INFOPLIST_FILE = "Not Forgot/Info.plist";
				IPHONEOS_DEPLOYMENT_TARGET = 13.0;
				LD_RUNPATH_SEARCH_PATHS = (
					"$(inherited)",
					"@executable_path/Frameworks",
				);
				PRODUCT_BUNDLE_IDENTIFIER = "MMW.Not-Forgot";
				PRODUCT_NAME = "$(TARGET_NAME)";
				SWIFT_VERSION = 5.0;
				TARGETED_DEVICE_FAMILY = "1,2";
			};
			name = Debug;
		};
		A76564742444419900CAD084 /* Release */ = {
			isa = XCBuildConfiguration;
			baseConfigurationReference = 8634FB1016816783566A6F69 /* Pods-Not Forgot.release.xcconfig */;
			buildSettings = {
				ASSETCATALOG_COMPILER_APPICON_NAME = AppIcon;
				CODE_SIGN_STYLE = Automatic;
				DEVELOPMENT_TEAM = HPM5F4QHM6;
				INFOPLIST_FILE = "Not Forgot/Info.plist";
				IPHONEOS_DEPLOYMENT_TARGET = 13.0;
				LD_RUNPATH_SEARCH_PATHS = (
					"$(inherited)",
					"@executable_path/Frameworks",
				);
				PRODUCT_BUNDLE_IDENTIFIER = "MMW.Not-Forgot";
				PRODUCT_NAME = "$(TARGET_NAME)";
				SWIFT_VERSION = 5.0;
				TARGETED_DEVICE_FAMILY = "1,2";
			};
			name = Release;
		};
/* End XCBuildConfiguration section */

/* Begin XCConfigurationList section */
		A76564592444419700CAD084 /* Build configuration list for PBXProject "Not Forgot" */ = {
			isa = XCConfigurationList;
			buildConfigurations = (
				A76564702444419900CAD084 /* Debug */,
				A76564712444419900CAD084 /* Release */,
			);
			defaultConfigurationIsVisible = 0;
			defaultConfigurationName = Release;
		};
		A76564722444419900CAD084 /* Build configuration list for PBXNativeTarget "Not Forgot" */ = {
			isa = XCConfigurationList;
			buildConfigurations = (
				A76564732444419900CAD084 /* Debug */,
				A76564742444419900CAD084 /* Release */,
			);
			defaultConfigurationIsVisible = 0;
			defaultConfigurationName = Release;
		};
/* End XCConfigurationList section */
	};
	rootObject = A76564562444419700CAD084 /* Project object */;
}
